// !$*UTF8*$!
{
	archiveVersion = 1;
	classes = {
	};
	objectVersion = 51;
	objects = {

/* Begin PBXBuildFile section */
		540CB40D231BB25B001C8CC4 /* SeasonCellView.swift in Sources */ = {isa = PBXBuildFile; fileRef = 540CB40C231BB25B001C8CC4 /* SeasonCellView.swift */; };
		540CB40F231BB29C001C8CC4 /* CastCellView.swift in Sources */ = {isa = PBXBuildFile; fileRef = 540CB40E231BB29C001C8CC4 /* CastCellView.swift */; };
		540CB411231BB2C4001C8CC4 /* Labels.swift in Sources */ = {isa = PBXBuildFile; fileRef = 540CB410231BB2C4001C8CC4 /* Labels.swift */; };
		54197A7A22FBB061000CE4D2 /* AppDelegate.swift in Sources */ = {isa = PBXBuildFile; fileRef = 54197A7922FBB061000CE4D2 /* AppDelegate.swift */; };
		54197A7C22FBB061000CE4D2 /* SceneDelegate.swift in Sources */ = {isa = PBXBuildFile; fileRef = 54197A7B22FBB061000CE4D2 /* SceneDelegate.swift */; };
		54197A7E22FBB061000CE4D2 /* TVShowDetailView.swift in Sources */ = {isa = PBXBuildFile; fileRef = 54197A7D22FBB061000CE4D2 /* TVShowDetailView.swift */; };
		54197A8022FBB064000CE4D2 /* Assets.xcassets in Resources */ = {isa = PBXBuildFile; fileRef = 54197A7F22FBB064000CE4D2 /* Assets.xcassets */; };
		54197A8322FBB064000CE4D2 /* Preview Assets.xcassets in Resources */ = {isa = PBXBuildFile; fileRef = 54197A8222FBB064000CE4D2 /* Preview Assets.xcassets */; };
		54197A8622FBB064000CE4D2 /* LaunchScreen.storyboard in Resources */ = {isa = PBXBuildFile; fileRef = 54197A8422FBB064000CE4D2 /* LaunchScreen.storyboard */; };
		5446B94C22FD11E00001C6DF /* TMDBClient.swift in Sources */ = {isa = PBXBuildFile; fileRef = 5446B94922FD11E00001C6DF /* TMDBClient.swift */; };
		5446B95922FD15C90001C6DF /* GlobalHelper.swift in Sources */ = {isa = PBXBuildFile; fileRef = 5446B95322FD15C90001C6DF /* GlobalHelper.swift */; };
		5446B95A22FD15C90001C6DF /* Extensions.swift in Sources */ = {isa = PBXBuildFile; fileRef = 5446B95422FD15C90001C6DF /* Extensions.swift */; };
		5446B95C22FD15C90001C6DF /* TMDBHelper.swift in Sources */ = {isa = PBXBuildFile; fileRef = 5446B95622FD15C90001C6DF /* TMDBHelper.swift */; };
		54486B4322FBB16100F9E869 /* TVShowModels.swift in Sources */ = {isa = PBXBuildFile; fileRef = 54486B3F22FBB16100F9E869 /* TVShowModels.swift */; };
		54486B4422FBB16100F9E869 /* PeopleModels.swift in Sources */ = {isa = PBXBuildFile; fileRef = 54486B4022FBB16100F9E869 /* PeopleModels.swift */; };
		54486B4522FBB16100F9E869 /* UserModels.swift in Sources */ = {isa = PBXBuildFile; fileRef = 54486B4122FBB16100F9E869 /* UserModels.swift */; };
		54605C1B231C97F40016F065 /* ImageLoader.swift in Sources */ = {isa = PBXBuildFile; fileRef = 54605C1A231C97F40016F065 /* ImageLoader.swift */; };
		54605C1D231C9DDD0016F065 /* ImageLoaderView.swift in Sources */ = {isa = PBXBuildFile; fileRef = 54605C1C231C9DDD0016F065 /* ImageLoaderView.swift */; };
		54AAA3E5231262810092A11E /* GridView.swift in Sources */ = {isa = PBXBuildFile; fileRef = 54AAA3E4231262810092A11E /* GridView.swift */; };
		54AAA3EB23133B2F0092A11E /* BlurredBackground.swift in Sources */ = {isa = PBXBuildFile; fileRef = 54AAA3EA23133B2F0092A11E /* BlurredBackground.swift */; };
		54AAA3ED23133BA50092A11E /* Buttons.swift in Sources */ = {isa = PBXBuildFile; fileRef = 54AAA3EC23133BA50092A11E /* Buttons.swift */; };
		54AAA3EF23133C7D0092A11E /* ShowHomeView.swift in Sources */ = {isa = PBXBuildFile; fileRef = 54AAA3EE23133C7D0092A11E /* ShowHomeView.swift */; };
		54AAA3F1231349B20092A11E /* ShowCell.swift in Sources */ = {isa = PBXBuildFile; fileRef = 54AAA3F0231349B20092A11E /* ShowCell.swift */; };
		54AAA40C231799060092A11E /* AsyncActionsMiddleware.swift in Sources */ = {isa = PBXBuildFile; fileRef = 54AAA400231799050092A11E /* AsyncActionsMiddleware.swift */; };
		54AAA40D231799060092A11E /* StoreProvider.swift in Sources */ = {isa = PBXBuildFile; fileRef = 54AAA402231799050092A11E /* StoreProvider.swift */; };
		54AAA40E231799060092A11E /* StoreConnector.swift in Sources */ = {isa = PBXBuildFile; fileRef = 54AAA403231799050092A11E /* StoreConnector.swift */; };
		54AAA40F231799060092A11E /* ConnectedView.swift in Sources */ = {isa = PBXBuildFile; fileRef = 54AAA404231799050092A11E /* ConnectedView.swift */; };
		54AAA410231799060092A11E /* Store.swift in Sources */ = {isa = PBXBuildFile; fileRef = 54AAA405231799050092A11E /* Store.swift */; };
		54AAA411231799060092A11E /* Reducer.swift in Sources */ = {isa = PBXBuildFile; fileRef = 54AAA407231799050092A11E /* Reducer.swift */; };
		54AAA412231799060092A11E /* FluxState.swift in Sources */ = {isa = PBXBuildFile; fileRef = 54AAA408231799050092A11E /* FluxState.swift */; };
		54AAA413231799060092A11E /* AsyncAction.swift in Sources */ = {isa = PBXBuildFile; fileRef = 54AAA409231799050092A11E /* AsyncAction.swift */; };
		54AAA414231799060092A11E /* Middleware.swift in Sources */ = {isa = PBXBuildFile; fileRef = 54AAA40A231799050092A11E /* Middleware.swift */; };
		54AAA415231799060092A11E /* Action.swift in Sources */ = {isa = PBXBuildFile; fileRef = 54AAA40B231799050092A11E /* Action.swift */; };
		54AAA417231799740092A11E /* AppState.swift in Sources */ = {isa = PBXBuildFile; fileRef = 54AAA416231799740092A11E /* AppState.swift */; };
		54AAA419231799BD0092A11E /* TVShowState.swift in Sources */ = {isa = PBXBuildFile; fileRef = 54AAA418231799BD0092A11E /* TVShowState.swift */; };
		54AAA41B231799FF0092A11E /* PeopleState.swift in Sources */ = {isa = PBXBuildFile; fileRef = 54AAA41A231799FF0092A11E /* PeopleState.swift */; };
		54AAA41D23179B6C0092A11E /* AppReducer.swift in Sources */ = {isa = PBXBuildFile; fileRef = 54AAA41C23179B6C0092A11E /* AppReducer.swift */; };
		54AAA41F23179B770092A11E /* TVShowReducer.swift in Sources */ = {isa = PBXBuildFile; fileRef = 54AAA41E23179B770092A11E /* TVShowReducer.swift */; };
		54AAA42123179B830092A11E /* PeopleReducer.swift in Sources */ = {isa = PBXBuildFile; fileRef = 54AAA42023179B830092A11E /* PeopleReducer.swift */; };
		54AAA42323179CDA0092A11E /* TVShowActions.swift in Sources */ = {isa = PBXBuildFile; fileRef = 54AAA42223179CDA0092A11E /* TVShowActions.swift */; };
		54AAA42523179CEC0092A11E /* PeopleActions.swift in Sources */ = {isa = PBXBuildFile; fileRef = 54AAA42423179CEC0092A11E /* PeopleActions.swift */; };
		54AAA4292318B8B60092A11E /* ImageService.swift in Sources */ = {isa = PBXBuildFile; fileRef = 54AAA4282318B8B60092A11E /* ImageService.swift */; };
		54AAA42B2318C27A0092A11E /* TraktApiClient.swift in Sources */ = {isa = PBXBuildFile; fileRef = 54AAA42A2318C27A0092A11E /* TraktApiClient.swift */; };
		54AAA42D2318C2BD0092A11E /* TraktApiHelper.swift in Sources */ = {isa = PBXBuildFile; fileRef = 54AAA42C2318C2BD0092A11E /* TraktApiHelper.swift */; };
		54AAA4312318D6D30092A11E /* TabbedView.swift in Sources */ = {isa = PBXBuildFile; fileRef = 54AAA4302318D6D30092A11E /* TabbedView.swift */; };
		F348B248C59CACA818C34A44 /* Pods_WatchThis_SwiftUI.framework in Frameworks */ = {isa = PBXBuildFile; fileRef = 7174350BA5E629424B8CBA26 /* Pods_WatchThis_SwiftUI.framework */; };
/* End PBXBuildFile section */

/* Begin PBXFileReference section */
		540CB40C231BB25B001C8CC4 /* SeasonCellView.swift */ = {isa = PBXFileReference; lastKnownFileType = sourcecode.swift; path = SeasonCellView.swift; sourceTree = "<group>"; };
		540CB40E231BB29C001C8CC4 /* CastCellView.swift */ = {isa = PBXFileReference; lastKnownFileType = sourcecode.swift; path = CastCellView.swift; sourceTree = "<group>"; };
		540CB410231BB2C4001C8CC4 /* Labels.swift */ = {isa = PBXFileReference; lastKnownFileType = sourcecode.swift; path = Labels.swift; sourceTree = "<group>"; };
		54197A7622FBB061000CE4D2 /* WatchThis_SwiftUI.app */ = {isa = PBXFileReference; explicitFileType = wrapper.application; includeInIndex = 0; path = WatchThis_SwiftUI.app; sourceTree = BUILT_PRODUCTS_DIR; };
		54197A7922FBB061000CE4D2 /* AppDelegate.swift */ = {isa = PBXFileReference; lastKnownFileType = sourcecode.swift; path = AppDelegate.swift; sourceTree = "<group>"; };
		54197A7B22FBB061000CE4D2 /* SceneDelegate.swift */ = {isa = PBXFileReference; lastKnownFileType = sourcecode.swift; path = SceneDelegate.swift; sourceTree = "<group>"; };
		54197A7D22FBB061000CE4D2 /* TVShowDetailView.swift */ = {isa = PBXFileReference; lastKnownFileType = sourcecode.swift; path = TVShowDetailView.swift; sourceTree = "<group>"; };
		54197A7F22FBB064000CE4D2 /* Assets.xcassets */ = {isa = PBXFileReference; lastKnownFileType = folder.assetcatalog; path = Assets.xcassets; sourceTree = "<group>"; };
		54197A8222FBB064000CE4D2 /* Preview Assets.xcassets */ = {isa = PBXFileReference; lastKnownFileType = folder.assetcatalog; path = "Preview Assets.xcassets"; sourceTree = "<group>"; };
		54197A8522FBB064000CE4D2 /* Base */ = {isa = PBXFileReference; lastKnownFileType = file.storyboard; name = Base; path = Base.lproj/LaunchScreen.storyboard; sourceTree = "<group>"; };
		54197A8722FBB064000CE4D2 /* Info.plist */ = {isa = PBXFileReference; lastKnownFileType = text.plist.xml; path = Info.plist; sourceTree = "<group>"; };
		5446B94922FD11E00001C6DF /* TMDBClient.swift */ = {isa = PBXFileReference; fileEncoding = 4; lastKnownFileType = sourcecode.swift; path = TMDBClient.swift; sourceTree = "<group>"; };
		5446B95322FD15C90001C6DF /* GlobalHelper.swift */ = {isa = PBXFileReference; fileEncoding = 4; lastKnownFileType = sourcecode.swift; path = GlobalHelper.swift; sourceTree = "<group>"; };
		5446B95422FD15C90001C6DF /* Extensions.swift */ = {isa = PBXFileReference; fileEncoding = 4; lastKnownFileType = sourcecode.swift; path = Extensions.swift; sourceTree = "<group>"; };
		5446B95622FD15C90001C6DF /* TMDBHelper.swift */ = {isa = PBXFileReference; fileEncoding = 4; lastKnownFileType = sourcecode.swift; path = TMDBHelper.swift; sourceTree = "<group>"; };
		54486B3F22FBB16100F9E869 /* TVShowModels.swift */ = {isa = PBXFileReference; fileEncoding = 4; lastKnownFileType = sourcecode.swift; path = TVShowModels.swift; sourceTree = "<group>"; };
		54486B4022FBB16100F9E869 /* PeopleModels.swift */ = {isa = PBXFileReference; fileEncoding = 4; lastKnownFileType = sourcecode.swift; path = PeopleModels.swift; sourceTree = "<group>"; };
		54486B4122FBB16100F9E869 /* UserModels.swift */ = {isa = PBXFileReference; fileEncoding = 4; lastKnownFileType = sourcecode.swift; path = UserModels.swift; sourceTree = "<group>"; };
		54605C1A231C97F40016F065 /* ImageLoader.swift */ = {isa = PBXFileReference; lastKnownFileType = sourcecode.swift; path = ImageLoader.swift; sourceTree = "<group>"; };
		54605C1C231C9DDD0016F065 /* ImageLoaderView.swift */ = {isa = PBXFileReference; lastKnownFileType = sourcecode.swift; path = ImageLoaderView.swift; sourceTree = "<group>"; };
		54AAA3E4231262810092A11E /* GridView.swift */ = {isa = PBXFileReference; lastKnownFileType = sourcecode.swift; path = GridView.swift; sourceTree = "<group>"; };
		54AAA3EA23133B2F0092A11E /* BlurredBackground.swift */ = {isa = PBXFileReference; lastKnownFileType = sourcecode.swift; path = BlurredBackground.swift; sourceTree = "<group>"; };
		54AAA3EC23133BA50092A11E /* Buttons.swift */ = {isa = PBXFileReference; lastKnownFileType = sourcecode.swift; path = Buttons.swift; sourceTree = "<group>"; };
		54AAA3EE23133C7D0092A11E /* ShowHomeView.swift */ = {isa = PBXFileReference; lastKnownFileType = sourcecode.swift; path = ShowHomeView.swift; sourceTree = "<group>"; };
		54AAA3F0231349B20092A11E /* ShowCell.swift */ = {isa = PBXFileReference; lastKnownFileType = sourcecode.swift; path = ShowCell.swift; sourceTree = "<group>"; };
		54AAA400231799050092A11E /* AsyncActionsMiddleware.swift */ = {isa = PBXFileReference; fileEncoding = 4; lastKnownFileType = sourcecode.swift; path = AsyncActionsMiddleware.swift; sourceTree = "<group>"; };
		54AAA402231799050092A11E /* StoreProvider.swift */ = {isa = PBXFileReference; fileEncoding = 4; lastKnownFileType = sourcecode.swift; path = StoreProvider.swift; sourceTree = "<group>"; };
		54AAA403231799050092A11E /* StoreConnector.swift */ = {isa = PBXFileReference; fileEncoding = 4; lastKnownFileType = sourcecode.swift; path = StoreConnector.swift; sourceTree = "<group>"; };
		54AAA404231799050092A11E /* ConnectedView.swift */ = {isa = PBXFileReference; fileEncoding = 4; lastKnownFileType = sourcecode.swift; path = ConnectedView.swift; sourceTree = "<group>"; };
		54AAA405231799050092A11E /* Store.swift */ = {isa = PBXFileReference; fileEncoding = 4; lastKnownFileType = sourcecode.swift; path = Store.swift; sourceTree = "<group>"; };
		54AAA407231799050092A11E /* Reducer.swift */ = {isa = PBXFileReference; fileEncoding = 4; lastKnownFileType = sourcecode.swift; path = Reducer.swift; sourceTree = "<group>"; };
		54AAA408231799050092A11E /* FluxState.swift */ = {isa = PBXFileReference; fileEncoding = 4; lastKnownFileType = sourcecode.swift; path = FluxState.swift; sourceTree = "<group>"; };
		54AAA409231799050092A11E /* AsyncAction.swift */ = {isa = PBXFileReference; fileEncoding = 4; lastKnownFileType = sourcecode.swift; path = AsyncAction.swift; sourceTree = "<group>"; };
		54AAA40A231799050092A11E /* Middleware.swift */ = {isa = PBXFileReference; fileEncoding = 4; lastKnownFileType = sourcecode.swift; path = Middleware.swift; sourceTree = "<group>"; };
		54AAA40B231799050092A11E /* Action.swift */ = {isa = PBXFileReference; fileEncoding = 4; lastKnownFileType = sourcecode.swift; path = Action.swift; sourceTree = "<group>"; };
		54AAA416231799740092A11E /* AppState.swift */ = {isa = PBXFileReference; lastKnownFileType = sourcecode.swift; path = AppState.swift; sourceTree = "<group>"; };
		54AAA418231799BD0092A11E /* TVShowState.swift */ = {isa = PBXFileReference; lastKnownFileType = sourcecode.swift; path = TVShowState.swift; sourceTree = "<group>"; };
		54AAA41A231799FF0092A11E /* PeopleState.swift */ = {isa = PBXFileReference; lastKnownFileType = sourcecode.swift; path = PeopleState.swift; sourceTree = "<group>"; };
		54AAA41C23179B6C0092A11E /* AppReducer.swift */ = {isa = PBXFileReference; lastKnownFileType = sourcecode.swift; path = AppReducer.swift; sourceTree = "<group>"; };
		54AAA41E23179B770092A11E /* TVShowReducer.swift */ = {isa = PBXFileReference; lastKnownFileType = sourcecode.swift; path = TVShowReducer.swift; sourceTree = "<group>"; };
		54AAA42023179B830092A11E /* PeopleReducer.swift */ = {isa = PBXFileReference; lastKnownFileType = sourcecode.swift; path = PeopleReducer.swift; sourceTree = "<group>"; };
		54AAA42223179CDA0092A11E /* TVShowActions.swift */ = {isa = PBXFileReference; lastKnownFileType = sourcecode.swift; path = TVShowActions.swift; sourceTree = "<group>"; };
		54AAA42423179CEC0092A11E /* PeopleActions.swift */ = {isa = PBXFileReference; lastKnownFileType = sourcecode.swift; path = PeopleActions.swift; sourceTree = "<group>"; };
		54AAA4282318B8B60092A11E /* ImageService.swift */ = {isa = PBXFileReference; lastKnownFileType = sourcecode.swift; path = ImageService.swift; sourceTree = "<group>"; };
		54AAA42A2318C27A0092A11E /* TraktApiClient.swift */ = {isa = PBXFileReference; lastKnownFileType = sourcecode.swift; path = TraktApiClient.swift; sourceTree = "<group>"; };
		54AAA42C2318C2BD0092A11E /* TraktApiHelper.swift */ = {isa = PBXFileReference; lastKnownFileType = sourcecode.swift; path = TraktApiHelper.swift; sourceTree = "<group>"; };
		54AAA4302318D6D30092A11E /* TabbedView.swift */ = {isa = PBXFileReference; lastKnownFileType = sourcecode.swift; path = TabbedView.swift; sourceTree = "<group>"; };
		6060183C0BFCC0CF7C33F67E /* Pods-WatchThis_SwiftUI.release.xcconfig */ = {isa = PBXFileReference; includeInIndex = 1; lastKnownFileType = text.xcconfig; name = "Pods-WatchThis_SwiftUI.release.xcconfig"; path = "Target Support Files/Pods-WatchThis_SwiftUI/Pods-WatchThis_SwiftUI.release.xcconfig"; sourceTree = "<group>"; };
		6C3ECBBA47DEA4F9076B7FD6 /* Pods-WatchThis_SwiftUITests.debug.xcconfig */ = {isa = PBXFileReference; includeInIndex = 1; lastKnownFileType = text.xcconfig; name = "Pods-WatchThis_SwiftUITests.debug.xcconfig"; path = "Target Support Files/Pods-WatchThis_SwiftUITests/Pods-WatchThis_SwiftUITests.debug.xcconfig"; sourceTree = "<group>"; };
		7174350BA5E629424B8CBA26 /* Pods_WatchThis_SwiftUI.framework */ = {isa = PBXFileReference; explicitFileType = wrapper.framework; includeInIndex = 0; path = Pods_WatchThis_SwiftUI.framework; sourceTree = BUILT_PRODUCTS_DIR; };
		726D72A1417D3178BA3F0AC4 /* Pods-WatchThis_SwiftUI.debug.xcconfig */ = {isa = PBXFileReference; includeInIndex = 1; lastKnownFileType = text.xcconfig; name = "Pods-WatchThis_SwiftUI.debug.xcconfig"; path = "Target Support Files/Pods-WatchThis_SwiftUI/Pods-WatchThis_SwiftUI.debug.xcconfig"; sourceTree = "<group>"; };
		752A538E61477F83A9452EF7 /* Pods-WatchThis_SwiftUIUITests.debug.xcconfig */ = {isa = PBXFileReference; includeInIndex = 1; lastKnownFileType = text.xcconfig; name = "Pods-WatchThis_SwiftUIUITests.debug.xcconfig"; path = "Target Support Files/Pods-WatchThis_SwiftUIUITests/Pods-WatchThis_SwiftUIUITests.debug.xcconfig"; sourceTree = "<group>"; };
		A01A40AB8286BA9094668234 /* Pods_WatchThis_SwiftUITests.framework */ = {isa = PBXFileReference; explicitFileType = wrapper.framework; includeInIndex = 0; path = Pods_WatchThis_SwiftUITests.framework; sourceTree = BUILT_PRODUCTS_DIR; };
		BBDB35E8934DC9FEFC9923CD /* Pods-WatchThis_SwiftUITests.release.xcconfig */ = {isa = PBXFileReference; includeInIndex = 1; lastKnownFileType = text.xcconfig; name = "Pods-WatchThis_SwiftUITests.release.xcconfig"; path = "Target Support Files/Pods-WatchThis_SwiftUITests/Pods-WatchThis_SwiftUITests.release.xcconfig"; sourceTree = "<group>"; };
		E82368593181E32A6FB47190 /* Pods_WatchThis_SwiftUIUITests.framework */ = {isa = PBXFileReference; explicitFileType = wrapper.framework; includeInIndex = 0; path = Pods_WatchThis_SwiftUIUITests.framework; sourceTree = BUILT_PRODUCTS_DIR; };
		ECD18160120B9ECC28A74751 /* Pods-WatchThis_SwiftUIUITests.release.xcconfig */ = {isa = PBXFileReference; includeInIndex = 1; lastKnownFileType = text.xcconfig; name = "Pods-WatchThis_SwiftUIUITests.release.xcconfig"; path = "Target Support Files/Pods-WatchThis_SwiftUIUITests/Pods-WatchThis_SwiftUIUITests.release.xcconfig"; sourceTree = "<group>"; };
/* End PBXFileReference section */

/* Begin PBXFrameworksBuildPhase section */
		54197A7322FBB061000CE4D2 /* Frameworks */ = {
			isa = PBXFrameworksBuildPhase;
			buildActionMask = 2147483647;
			files = (
				F348B248C59CACA818C34A44 /* Pods_WatchThis_SwiftUI.framework in Frameworks */,
			);
			runOnlyForDeploymentPostprocessing = 0;
		};
/* End PBXFrameworksBuildPhase section */

/* Begin PBXGroup section */
		540CB40A231BB1E0001C8CC4 /* TVShowDetails */ = {
			isa = PBXGroup;
			children = (
				540CB40B231BB234001C8CC4 /* Cells */,
				54197A7D22FBB061000CE4D2 /* TVShowDetailView.swift */,
			);
			path = TVShowDetails;
			sourceTree = "<group>";
		};
		540CB40B231BB234001C8CC4 /* Cells */ = {
			isa = PBXGroup;
			children = (
				540CB40C231BB25B001C8CC4 /* SeasonCellView.swift */,
				540CB40E231BB29C001C8CC4 /* CastCellView.swift */,
			);
			path = Cells;
			sourceTree = "<group>";
		};
		54197A6D22FBB061000CE4D2 = {
			isa = PBXGroup;
			children = (
				54197A7822FBB061000CE4D2 /* WatchThis_SwiftUI */,
				54197A7722FBB061000CE4D2 /* Products */,
				C939E46F523AAE361F647F31 /* Pods */,
				D4C0A274DAA8077F8874D0B9 /* Frameworks */,
			);
			sourceTree = "<group>";
		};
		54197A7722FBB061000CE4D2 /* Products */ = {
			isa = PBXGroup;
			children = (
				54197A7622FBB061000CE4D2 /* WatchThis_SwiftUI.app */,
			);
			name = Products;
			sourceTree = "<group>";
		};
		54197A7822FBB061000CE4D2 /* WatchThis_SwiftUI */ = {
			isa = PBXGroup;
			children = (
				54AAA3F4231781260092A11E /* redux */,
				5446B95D22FD18080001C6DF /* Views */,
				5446B94722FD11C20001C6DF /* Service */,
				54486B3D22FBB14500F9E869 /* Model */,
				54197A7922FBB061000CE4D2 /* AppDelegate.swift */,
				54197A7B22FBB061000CE4D2 /* SceneDelegate.swift */,
				54197A7F22FBB064000CE4D2 /* Assets.xcassets */,
				54197A8422FBB064000CE4D2 /* LaunchScreen.storyboard */,
				54197A8722FBB064000CE4D2 /* Info.plist */,
				54197A8122FBB064000CE4D2 /* Preview Content */,
			);
			path = WatchThis_SwiftUI;
			sourceTree = "<group>";
		};
		54197A8122FBB064000CE4D2 /* Preview Content */ = {
			isa = PBXGroup;
			children = (
				54197A8222FBB064000CE4D2 /* Preview Assets.xcassets */,
			);
			path = "Preview Content";
			sourceTree = "<group>";
		};
		5446B94722FD11C20001C6DF /* Service */ = {
			isa = PBXGroup;
			children = (
				5446B95022FD15B50001C6DF /* Helpers */,
				5446B94922FD11E00001C6DF /* TMDBClient.swift */,
				54AAA4282318B8B60092A11E /* ImageService.swift */,
				54AAA42A2318C27A0092A11E /* TraktApiClient.swift */,
			);
			path = Service;
			sourceTree = "<group>";
		};
		5446B95022FD15B50001C6DF /* Helpers */ = {
			isa = PBXGroup;
			children = (
				5446B95422FD15C90001C6DF /* Extensions.swift */,
				5446B95322FD15C90001C6DF /* GlobalHelper.swift */,
				5446B95622FD15C90001C6DF /* TMDBHelper.swift */,
				54AAA42C2318C2BD0092A11E /* TraktApiHelper.swift */,
				54605C1A231C97F40016F065 /* ImageLoader.swift */,
			);
			path = Helpers;
			sourceTree = "<group>";
		};
		5446B95D22FD18080001C6DF /* Views */ = {
			isa = PBXGroup;
			children = (
				540CB40A231BB1E0001C8CC4 /* TVShowDetails */,
				54AAA3E923133B190092A11E /* Common */,
				54AAA3E823133AEC0092A11E /* Helpers */,
				54AAA3EE23133C7D0092A11E /* ShowHomeView.swift */,
				54AAA4302318D6D30092A11E /* TabbedView.swift */,
			);
			path = Views;
			sourceTree = "<group>";
		};
		54486B3D22FBB14500F9E869 /* Model */ = {
			isa = PBXGroup;
			children = (
				54486B4022FBB16100F9E869 /* PeopleModels.swift */,
				54486B3F22FBB16100F9E869 /* TVShowModels.swift */,
				54486B4122FBB16100F9E869 /* UserModels.swift */,
			);
			path = Model;
			sourceTree = "<group>";
		};
		54AAA3E823133AEC0092A11E /* Helpers */ = {
			isa = PBXGroup;
			children = (
				54AAA3E4231262810092A11E /* GridView.swift */,
			);
			path = Helpers;
			sourceTree = "<group>";
		};
		54AAA3E923133B190092A11E /* Common */ = {
			isa = PBXGroup;
			children = (
				54AAA3EA23133B2F0092A11E /* BlurredBackground.swift */,
				54AAA3EC23133BA50092A11E /* Buttons.swift */,
				54AAA3F0231349B20092A11E /* ShowCell.swift */,
				540CB410231BB2C4001C8CC4 /* Labels.swift */,
				54605C1C231C9DDD0016F065 /* ImageLoaderView.swift */,
			);
			path = Common;
			sourceTree = "<group>";
		};
		54AAA3F4231781260092A11E /* redux */ = {
			isa = PBXGroup;
			children = (
				54AAA3FE231799050092A11E /* SwiftUIFlux */,
				54AAA3F72317814D0092A11E /* State */,
				54AAA3F6231781350092A11E /* Reducers */,
				54AAA3F52317812E0092A11E /* Actions */,
			);
			path = redux;
			sourceTree = "<group>";
		};
		54AAA3F52317812E0092A11E /* Actions */ = {
			isa = PBXGroup;
			children = (
				54AAA42223179CDA0092A11E /* TVShowActions.swift */,
				54AAA42423179CEC0092A11E /* PeopleActions.swift */,
			);
			path = Actions;
			sourceTree = "<group>";
		};
		54AAA3F6231781350092A11E /* Reducers */ = {
			isa = PBXGroup;
			children = (
				54AAA41C23179B6C0092A11E /* AppReducer.swift */,
				54AAA41E23179B770092A11E /* TVShowReducer.swift */,
				54AAA42023179B830092A11E /* PeopleReducer.swift */,
			);
			path = Reducers;
			sourceTree = "<group>";
		};
		54AAA3F72317814D0092A11E /* State */ = {
			isa = PBXGroup;
			children = (
				54AAA416231799740092A11E /* AppState.swift */,
				54AAA418231799BD0092A11E /* TVShowState.swift */,
				54AAA41A231799FF0092A11E /* PeopleState.swift */,
			);
			path = State;
			sourceTree = "<group>";
		};
		54AAA3FE231799050092A11E /* SwiftUIFlux */ = {
			isa = PBXGroup;
			children = (
				54AAA3FF231799050092A11E /* middleware */,
				54AAA401231799050092A11E /* connector */,
				54AAA405231799050092A11E /* Store.swift */,
				54AAA406231799050092A11E /* protocols */,
			);
			path = SwiftUIFlux;
			sourceTree = "<group>";
		};
		54AAA3FF231799050092A11E /* middleware */ = {
			isa = PBXGroup;
			children = (
				54AAA400231799050092A11E /* AsyncActionsMiddleware.swift */,
			);
			path = middleware;
			sourceTree = "<group>";
		};
		54AAA401231799050092A11E /* connector */ = {
			isa = PBXGroup;
			children = (
				54AAA402231799050092A11E /* StoreProvider.swift */,
				54AAA403231799050092A11E /* StoreConnector.swift */,
				54AAA404231799050092A11E /* ConnectedView.swift */,
			);
			path = connector;
			sourceTree = "<group>";
		};
		54AAA406231799050092A11E /* protocols */ = {
			isa = PBXGroup;
			children = (
				54AAA407231799050092A11E /* Reducer.swift */,
				54AAA408231799050092A11E /* FluxState.swift */,
				54AAA409231799050092A11E /* AsyncAction.swift */,
				54AAA40A231799050092A11E /* Middleware.swift */,
				54AAA40B231799050092A11E /* Action.swift */,
			);
			path = protocols;
			sourceTree = "<group>";
		};
		C939E46F523AAE361F647F31 /* Pods */ = {
			isa = PBXGroup;
			children = (
				726D72A1417D3178BA3F0AC4 /* Pods-WatchThis_SwiftUI.debug.xcconfig */,
				6060183C0BFCC0CF7C33F67E /* Pods-WatchThis_SwiftUI.release.xcconfig */,
				6C3ECBBA47DEA4F9076B7FD6 /* Pods-WatchThis_SwiftUITests.debug.xcconfig */,
				BBDB35E8934DC9FEFC9923CD /* Pods-WatchThis_SwiftUITests.release.xcconfig */,
				752A538E61477F83A9452EF7 /* Pods-WatchThis_SwiftUIUITests.debug.xcconfig */,
				ECD18160120B9ECC28A74751 /* Pods-WatchThis_SwiftUIUITests.release.xcconfig */,
			);
			path = Pods;
			sourceTree = "<group>";
		};
		D4C0A274DAA8077F8874D0B9 /* Frameworks */ = {
			isa = PBXGroup;
			children = (
				7174350BA5E629424B8CBA26 /* Pods_WatchThis_SwiftUI.framework */,
				A01A40AB8286BA9094668234 /* Pods_WatchThis_SwiftUITests.framework */,
				E82368593181E32A6FB47190 /* Pods_WatchThis_SwiftUIUITests.framework */,
			);
			name = Frameworks;
			sourceTree = "<group>";
		};
/* End PBXGroup section */

/* Begin PBXNativeTarget section */
		54197A7522FBB061000CE4D2 /* WatchThis_SwiftUI */ = {
			isa = PBXNativeTarget;
			buildConfigurationList = 54197AA022FBB064000CE4D2 /* Build configuration list for PBXNativeTarget "WatchThis_SwiftUI" */;
			buildPhases = (
				486DDB04E800C9A6FAA484B4 /* [CP] Check Pods Manifest.lock */,
				54197A7222FBB061000CE4D2 /* Sources */,
				54197A7322FBB061000CE4D2 /* Frameworks */,
				54197A7422FBB061000CE4D2 /* Resources */,
				C7DE9D8325271BB166A34EAD /* [CP] Embed Pods Frameworks */,
			);
			buildRules = (
			);
			dependencies = (
			);
			name = WatchThis_SwiftUI;
			productName = WatchThis_SwiftUI;
			productReference = 54197A7622FBB061000CE4D2 /* WatchThis_SwiftUI.app */;
			productType = "com.apple.product-type.application";
		};
/* End PBXNativeTarget section */

/* Begin PBXProject section */
		54197A6E22FBB061000CE4D2 /* Project object */ = {
			isa = PBXProject;
			attributes = {
				LastSwiftUpdateCheck = 1100;
				LastUpgradeCheck = 1100;
				ORGANIZATIONNAME = "Damonique Thomas";
				TargetAttributes = {
					54197A7522FBB061000CE4D2 = {
						CreatedOnToolsVersion = 11.0;
					};
				};
			};
			buildConfigurationList = 54197A7122FBB061000CE4D2 /* Build configuration list for PBXProject "WatchThis_SwiftUI" */;
			compatibilityVersion = "Xcode 9.3";
			developmentRegion = en;
			hasScannedForEncodings = 0;
			knownRegions = (
				en,
				Base,
			);
			mainGroup = 54197A6D22FBB061000CE4D2;
			productRefGroup = 54197A7722FBB061000CE4D2 /* Products */;
			projectDirPath = "";
			projectRoot = "";
			targets = (
				54197A7522FBB061000CE4D2 /* WatchThis_SwiftUI */,
			);
		};
/* End PBXProject section */

/* Begin PBXResourcesBuildPhase section */
		54197A7422FBB061000CE4D2 /* Resources */ = {
			isa = PBXResourcesBuildPhase;
			buildActionMask = 2147483647;
			files = (
				54197A8622FBB064000CE4D2 /* LaunchScreen.storyboard in Resources */,
				54197A8322FBB064000CE4D2 /* Preview Assets.xcassets in Resources */,
				54197A8022FBB064000CE4D2 /* Assets.xcassets in Resources */,
			);
			runOnlyForDeploymentPostprocessing = 0;
		};
/* End PBXResourcesBuildPhase section */

/* Begin PBXShellScriptBuildPhase section */
		486DDB04E800C9A6FAA484B4 /* [CP] Check Pods Manifest.lock */ = {
			isa = PBXShellScriptBuildPhase;
			buildActionMask = 2147483647;
			files = (
			);
			inputFileListPaths = (
			);
			inputPaths = (
				"${PODS_PODFILE_DIR_PATH}/Podfile.lock",
				"${PODS_ROOT}/Manifest.lock",
			);
			name = "[CP] Check Pods Manifest.lock";
			outputFileListPaths = (
			);
			outputPaths = (
				"$(DERIVED_FILE_DIR)/Pods-WatchThis_SwiftUI-checkManifestLockResult.txt",
			);
			runOnlyForDeploymentPostprocessing = 0;
			shellPath = /bin/sh;
			shellScript = "diff \"${PODS_PODFILE_DIR_PATH}/Podfile.lock\" \"${PODS_ROOT}/Manifest.lock\" > /dev/null\nif [ $? != 0 ] ; then\n    # print error to STDERR\n    echo \"error: The sandbox is not in sync with the Podfile.lock. Run 'pod install' or update your CocoaPods installation.\" >&2\n    exit 1\nfi\n# This output is used by Xcode 'outputs' to avoid re-running this script phase.\necho \"SUCCESS\" > \"${SCRIPT_OUTPUT_FILE_0}\"\n";
			showEnvVarsInLog = 0;
		};
		C7DE9D8325271BB166A34EAD /* [CP] Embed Pods Frameworks */ = {
			isa = PBXShellScriptBuildPhase;
			buildActionMask = 2147483647;
			files = (
			);
			inputFileListPaths = (
				"${PODS_ROOT}/Target Support Files/Pods-WatchThis_SwiftUI/Pods-WatchThis_SwiftUI-frameworks-${CONFIGURATION}-input-files.xcfilelist",
			);
			name = "[CP] Embed Pods Frameworks";
			outputFileListPaths = (
				"${PODS_ROOT}/Target Support Files/Pods-WatchThis_SwiftUI/Pods-WatchThis_SwiftUI-frameworks-${CONFIGURATION}-output-files.xcfilelist",
			);
			runOnlyForDeploymentPostprocessing = 0;
			shellPath = /bin/sh;
			shellScript = "\"${PODS_ROOT}/Target Support Files/Pods-WatchThis_SwiftUI/Pods-WatchThis_SwiftUI-frameworks.sh\"\n";
			showEnvVarsInLog = 0;
		};
/* End PBXShellScriptBuildPhase section */

/* Begin PBXSourcesBuildPhase section */
		54197A7222FBB061000CE4D2 /* Sources */ = {
			isa = PBXSourcesBuildPhase;
			buildActionMask = 2147483647;
			files = (
				5446B95C22FD15C90001C6DF /* TMDBHelper.swift in Sources */,
				54197A7A22FBB061000CE4D2 /* AppDelegate.swift in Sources */,
				54AAA40D231799060092A11E /* StoreProvider.swift in Sources */,
				5446B94C22FD11E00001C6DF /* TMDBClient.swift in Sources */,
				54AAA3ED23133BA50092A11E /* Buttons.swift in Sources */,
				54AAA40C231799060092A11E /* AsyncActionsMiddleware.swift in Sources */,
				54AAA42523179CEC0092A11E /* PeopleActions.swift in Sources */,
				54AAA3E5231262810092A11E /* GridView.swift in Sources */,
				54486B4522FBB16100F9E869 /* UserModels.swift in Sources */,
				54605C1D231C9DDD0016F065 /* ImageLoaderView.swift in Sources */,
				54AAA3F1231349B20092A11E /* ShowCell.swift in Sources */,
				54AAA414231799060092A11E /* Middleware.swift in Sources */,
				54AAA42323179CDA0092A11E /* TVShowActions.swift in Sources */,
				54AAA4292318B8B60092A11E /* ImageService.swift in Sources */,
				54605C1B231C97F40016F065 /* ImageLoader.swift in Sources */,
				54AAA42D2318C2BD0092A11E /* TraktApiHelper.swift in Sources */,
				54AAA42B2318C27A0092A11E /* TraktApiClient.swift in Sources */,
				54AAA40E231799060092A11E /* StoreConnector.swift in Sources */,
				54AAA419231799BD0092A11E /* TVShowState.swift in Sources */,
				54197A7C22FBB061000CE4D2 /* SceneDelegate.swift in Sources */,
				540CB411231BB2C4001C8CC4 /* Labels.swift in Sources */,
				540CB40D231BB25B001C8CC4 /* SeasonCellView.swift in Sources */,
				54AAA411231799060092A11E /* Reducer.swift in Sources */,
				54AAA4312318D6D30092A11E /* TabbedView.swift in Sources */,
				54AAA41B231799FF0092A11E /* PeopleState.swift in Sources */,
				54AAA41D23179B6C0092A11E /* AppReducer.swift in Sources */,
				5446B95922FD15C90001C6DF /* GlobalHelper.swift in Sources */,
				54AAA3EF23133C7D0092A11E /* ShowHomeView.swift in Sources */,
				54AAA42123179B830092A11E /* PeopleReducer.swift in Sources */,
				540CB40F231BB29C001C8CC4 /* CastCellView.swift in Sources */,
				54486B4422FBB16100F9E869 /* PeopleModels.swift in Sources */,
				54AAA413231799060092A11E /* AsyncAction.swift in Sources */,
				5446B95A22FD15C90001C6DF /* Extensions.swift in Sources */,
				54AAA415231799060092A11E /* Action.swift in Sources */,
				54AAA410231799060092A11E /* Store.swift in Sources */,
				54AAA3EB23133B2F0092A11E /* BlurredBackground.swift in Sources */,
				54AAA412231799060092A11E /* FluxState.swift in Sources */,
				54197A7E22FBB061000CE4D2 /* TVShowDetailView.swift in Sources */,
				54AAA417231799740092A11E /* AppState.swift in Sources */,
				54AAA41F23179B770092A11E /* TVShowReducer.swift in Sources */,
				54486B4322FBB16100F9E869 /* TVShowModels.swift in Sources */,
				54AAA40F231799060092A11E /* ConnectedView.swift in Sources */,
			);
			runOnlyForDeploymentPostprocessing = 0;
		};
/* End PBXSourcesBuildPhase section */

/* Begin PBXVariantGroup section */
		54197A8422FBB064000CE4D2 /* LaunchScreen.storyboard */ = {
			isa = PBXVariantGroup;
			children = (
				54197A8522FBB064000CE4D2 /* Base */,
			);
			name = LaunchScreen.storyboard;
			sourceTree = "<group>";
		};
/* End PBXVariantGroup section */

/* Begin XCBuildConfiguration section */
		54197A9E22FBB064000CE4D2 /* Debug */ = {
			isa = XCBuildConfiguration;
			buildSettings = {
				ALWAYS_SEARCH_USER_PATHS = NO;
				CLANG_ANALYZER_NONNULL = YES;
				CLANG_ANALYZER_NUMBER_OBJECT_CONVERSION = YES_AGGRESSIVE;
				CLANG_CXX_LANGUAGE_STANDARD = "gnu++14";
				CLANG_CXX_LIBRARY = "libc++";
				CLANG_ENABLE_MODULES = YES;
				CLANG_ENABLE_OBJC_ARC = YES;
				CLANG_ENABLE_OBJC_WEAK = YES;
				CLANG_WARN_BLOCK_CAPTURE_AUTORELEASING = YES;
				CLANG_WARN_BOOL_CONVERSION = YES;
				CLANG_WARN_COMMA = YES;
				CLANG_WARN_CONSTANT_CONVERSION = YES;
				CLANG_WARN_DEPRECATED_OBJC_IMPLEMENTATIONS = YES;
				CLANG_WARN_DIRECT_OBJC_ISA_USAGE = YES_ERROR;
				CLANG_WARN_DOCUMENTATION_COMMENTS = YES;
				CLANG_WARN_EMPTY_BODY = YES;
				CLANG_WARN_ENUM_CONVERSION = YES;
				CLANG_WARN_INFINITE_RECURSION = YES;
				CLANG_WARN_INT_CONVERSION = YES;
				CLANG_WARN_NON_LITERAL_NULL_CONVERSION = YES;
				CLANG_WARN_OBJC_IMPLICIT_RETAIN_SELF = YES;
				CLANG_WARN_OBJC_LITERAL_CONVERSION = YES;
				CLANG_WARN_OBJC_ROOT_CLASS = YES_ERROR;
				CLANG_WARN_RANGE_LOOP_ANALYSIS = YES;
				CLANG_WARN_STRICT_PROTOTYPES = YES;
				CLANG_WARN_SUSPICIOUS_MOVE = YES;
				CLANG_WARN_UNGUARDED_AVAILABILITY = YES_AGGRESSIVE;
				CLANG_WARN_UNREACHABLE_CODE = YES;
				CLANG_WARN__DUPLICATE_METHOD_MATCH = YES;
				COPY_PHASE_STRIP = NO;
				DEBUG_INFORMATION_FORMAT = dwarf;
				ENABLE_STRICT_OBJC_MSGSEND = YES;
				ENABLE_TESTABILITY = YES;
				GCC_C_LANGUAGE_STANDARD = gnu11;
				GCC_DYNAMIC_NO_PIC = NO;
				GCC_NO_COMMON_BLOCKS = YES;
				GCC_OPTIMIZATION_LEVEL = 0;
				GCC_PREPROCESSOR_DEFINITIONS = (
					"DEBUG=1",
					"$(inherited)",
				);
				GCC_WARN_64_TO_32_BIT_CONVERSION = YES;
				GCC_WARN_ABOUT_RETURN_TYPE = YES_ERROR;
				GCC_WARN_UNDECLARED_SELECTOR = YES;
				GCC_WARN_UNINITIALIZED_AUTOS = YES_AGGRESSIVE;
				GCC_WARN_UNUSED_FUNCTION = YES;
				GCC_WARN_UNUSED_VARIABLE = YES;
				IPHONEOS_DEPLOYMENT_TARGET = 13.0;
				MTL_ENABLE_DEBUG_INFO = INCLUDE_SOURCE;
				MTL_FAST_MATH = YES;
				ONLY_ACTIVE_ARCH = YES;
				SDKROOT = iphoneos;
				SWIFT_ACTIVE_COMPILATION_CONDITIONS = DEBUG;
				SWIFT_OPTIMIZATION_LEVEL = "-Onone";
			};
			name = Debug;
		};
		54197A9F22FBB064000CE4D2 /* Release */ = {
			isa = XCBuildConfiguration;
			buildSettings = {
				ALWAYS_SEARCH_USER_PATHS = NO;
				CLANG_ANALYZER_NONNULL = YES;
				CLANG_ANALYZER_NUMBER_OBJECT_CONVERSION = YES_AGGRESSIVE;
				CLANG_CXX_LANGUAGE_STANDARD = "gnu++14";
				CLANG_CXX_LIBRARY = "libc++";
				CLANG_ENABLE_MODULES = YES;
				CLANG_ENABLE_OBJC_ARC = YES;
				CLANG_ENABLE_OBJC_WEAK = YES;
				CLANG_WARN_BLOCK_CAPTURE_AUTORELEASING = YES;
				CLANG_WARN_BOOL_CONVERSION = YES;
				CLANG_WARN_COMMA = YES;
				CLANG_WARN_CONSTANT_CONVERSION = YES;
				CLANG_WARN_DEPRECATED_OBJC_IMPLEMENTATIONS = YES;
				CLANG_WARN_DIRECT_OBJC_ISA_USAGE = YES_ERROR;
				CLANG_WARN_DOCUMENTATION_COMMENTS = YES;
				CLANG_WARN_EMPTY_BODY = YES;
				CLANG_WARN_ENUM_CONVERSION = YES;
				CLANG_WARN_INFINITE_RECURSION = YES;
				CLANG_WARN_INT_CONVERSION = YES;
				CLANG_WARN_NON_LITERAL_NULL_CONVERSION = YES;
				CLANG_WARN_OBJC_IMPLICIT_RETAIN_SELF = YES;
				CLANG_WARN_OBJC_LITERAL_CONVERSION = YES;
				CLANG_WARN_OBJC_ROOT_CLASS = YES_ERROR;
				CLANG_WARN_RANGE_LOOP_ANALYSIS = YES;
				CLANG_WARN_STRICT_PROTOTYPES = YES;
				CLANG_WARN_SUSPICIOUS_MOVE = YES;
				CLANG_WARN_UNGUARDED_AVAILABILITY = YES_AGGRESSIVE;
				CLANG_WARN_UNREACHABLE_CODE = YES;
				CLANG_WARN__DUPLICATE_METHOD_MATCH = YES;
				COPY_PHASE_STRIP = NO;
				DEBUG_INFORMATION_FORMAT = "dwarf-with-dsym";
				ENABLE_NS_ASSERTIONS = NO;
				ENABLE_STRICT_OBJC_MSGSEND = YES;
				GCC_C_LANGUAGE_STANDARD = gnu11;
				GCC_NO_COMMON_BLOCKS = YES;
				GCC_WARN_64_TO_32_BIT_CONVERSION = YES;
				GCC_WARN_ABOUT_RETURN_TYPE = YES_ERROR;
				GCC_WARN_UNDECLARED_SELECTOR = YES;
				GCC_WARN_UNINITIALIZED_AUTOS = YES_AGGRESSIVE;
				GCC_WARN_UNUSED_FUNCTION = YES;
				GCC_WARN_UNUSED_VARIABLE = YES;
				IPHONEOS_DEPLOYMENT_TARGET = 13.0;
				MTL_ENABLE_DEBUG_INFO = NO;
				MTL_FAST_MATH = YES;
				SDKROOT = iphoneos;
				SWIFT_COMPILATION_MODE = wholemodule;
				SWIFT_OPTIMIZATION_LEVEL = "-O";
				VALIDATE_PRODUCT = YES;
			};
			name = Release;
		};
		54197AA122FBB064000CE4D2 /* Debug */ = {
			isa = XCBuildConfiguration;
			baseConfigurationReference = 726D72A1417D3178BA3F0AC4 /* Pods-WatchThis_SwiftUI.debug.xcconfig */;
			buildSettings = {
				ASSETCATALOG_COMPILER_APPICON_NAME = AppIcon;
				CODE_SIGN_STYLE = Automatic;
				DEVELOPMENT_ASSET_PATHS = "WatchThis_SwiftUI/Preview\\ Content";
				DEVELOPMENT_TEAM = 429EP3Y6KS;
				ENABLE_PREVIEWS = YES;
				INFOPLIST_FILE = WatchThis_SwiftUI/Info.plist;
				LD_RUNPATH_SEARCH_PATHS = (
					"$(inherited)",
					"@executable_path/Frameworks",
				);
				PRODUCT_BUNDLE_IDENTIFIER = "com.DATech.WatchThis-SwiftUI";
				PRODUCT_NAME = "$(TARGET_NAME)";
				SWIFT_VERSION = 5.0;
				TARGETED_DEVICE_FAMILY = "1,2";
			};
			name = Debug;
		};
		54197AA222FBB064000CE4D2 /* Release */ = {
			isa = XCBuildConfiguration;
			baseConfigurationReference = 6060183C0BFCC0CF7C33F67E /* Pods-WatchThis_SwiftUI.release.xcconfig */;
			buildSettings = {
				ASSETCATALOG_COMPILER_APPICON_NAME = AppIcon;
				CODE_SIGN_STYLE = Automatic;
				DEVELOPMENT_ASSET_PATHS = "WatchThis_SwiftUI/Preview\\ Content";
				DEVELOPMENT_TEAM = 429EP3Y6KS;
				ENABLE_PREVIEWS = YES;
				INFOPLIST_FILE = WatchThis_SwiftUI/Info.plist;
				LD_RUNPATH_SEARCH_PATHS = (
					"$(inherited)",
					"@executable_path/Frameworks",
				);
				PRODUCT_BUNDLE_IDENTIFIER = "com.DATech.WatchThis-SwiftUI";
				PRODUCT_NAME = "$(TARGET_NAME)";
				SWIFT_VERSION = 5.0;
				TARGETED_DEVICE_FAMILY = "1,2";
			};
			name = Release;
		};
/* End XCBuildConfiguration section */

/* Begin XCConfigurationList section */
		54197A7122FBB061000CE4D2 /* Build configuration list for PBXProject "WatchThis_SwiftUI" */ = {
			isa = XCConfigurationList;
			buildConfigurations = (
				54197A9E22FBB064000CE4D2 /* Debug */,
				54197A9F22FBB064000CE4D2 /* Release */,
			);
			defaultConfigurationIsVisible = 0;
			defaultConfigurationName = Release;
		};
		54197AA022FBB064000CE4D2 /* Build configuration list for PBXNativeTarget "WatchThis_SwiftUI" */ = {
			isa = XCConfigurationList;
			buildConfigurations = (
				54197AA122FBB064000CE4D2 /* Debug */,
				54197AA222FBB064000CE4D2 /* Release */,
			);
			defaultConfigurationIsVisible = 0;
			defaultConfigurationName = Release;
		};
/* End XCConfigurationList section */
	};
	rootObject = 54197A6E22FBB061000CE4D2 /* Project object */;
}
